// !$*UTF8*$!
{
	archiveVersion = 1;
	classes = {
	};
	objectVersion = 48;
	objects = {

/* Begin PBXBuildFile section */
		7685A1C41FC926D600B2AB77 /* CameraViewController.swift in Sources */ = {isa = PBXBuildFile; fileRef = 7685A1C31FC926D600B2AB77 /* CameraViewController.swift */; };
		76C00CE01FC45606008119B2 /* AppDelegate.swift in Sources */ = {isa = PBXBuildFile; fileRef = 76C00CDF1FC45606008119B2 /* AppDelegate.swift */; };
		76C00CE21FC45606008119B2 /* ViewController.swift in Sources */ = {isa = PBXBuildFile; fileRef = 76C00CE11FC45606008119B2 /* ViewController.swift */; };
		76C00CE51FC45606008119B2 /* Main.storyboard in Resources */ = {isa = PBXBuildFile; fileRef = 76C00CE31FC45606008119B2 /* Main.storyboard */; };
		76C00CE81FC45606008119B2 /* PineApple.xcdatamodeld in Sources */ = {isa = PBXBuildFile; fileRef = 76C00CE61FC45606008119B2 /* PineApple.xcdatamodeld */; };
		76C00CEA1FC45606008119B2 /* Assets.xcassets in Resources */ = {isa = PBXBuildFile; fileRef = 76C00CE91FC45606008119B2 /* Assets.xcassets */; };
		76C00CED1FC45606008119B2 /* LaunchScreen.storyboard in Resources */ = {isa = PBXBuildFile; fileRef = 76C00CEB1FC45606008119B2 /* LaunchScreen.storyboard */; };
/* End PBXBuildFile section */

/* Begin PBXFileReference section */
		7685A1C31FC926D600B2AB77 /* CameraViewController.swift */ = {isa = PBXFileReference; lastKnownFileType = sourcecode.swift; path = CameraViewController.swift; sourceTree = "<group>"; };
		76C00CDC1FC45606008119B2 /* PineApple.app */ = {isa = PBXFileReference; explicitFileType = wrapper.application; includeInIndex = 0; path = PineApple.app; sourceTree = BUILT_PRODUCTS_DIR; };
		76C00CDF1FC45606008119B2 /* AppDelegate.swift */ = {isa = PBXFileReference; lastKnownFileType = sourcecode.swift; path = AppDelegate.swift; sourceTree = "<group>"; };
		76C00CE11FC45606008119B2 /* ViewController.swift */ = {isa = PBXFileReference; lastKnownFileType = sourcecode.swift; path = ViewController.swift; sourceTree = "<group>"; };
		76C00CE41FC45606008119B2 /* Base */ = {isa = PBXFileReference; lastKnownFileType = file.storyboard; name = Base; path = Base.lproj/Main.storyboard; sourceTree = "<group>"; };
		76C00CE71FC45606008119B2 /* PineApple.xcdatamodel */ = {isa = PBXFileReference; lastKnownFileType = wrapper.xcdatamodel; path = PineApple.xcdatamodel; sourceTree = "<group>"; };
		76C00CE91FC45606008119B2 /* Assets.xcassets */ = {isa = PBXFileReference; lastKnownFileType = folder.assetcatalog; path = Assets.xcassets; sourceTree = "<group>"; };
		76C00CEC1FC45606008119B2 /* Base */ = {isa = PBXFileReference; lastKnownFileType = file.storyboard; name = Base; path = Base.lproj/LaunchScreen.storyboard; sourceTree = "<group>"; };
		76C00CEE1FC45606008119B2 /* Info.plist */ = {isa = PBXFileReference; lastKnownFileType = text.plist.xml; path = Info.plist; sourceTree = "<group>"; };
/* End PBXFileReference section */

/* Begin PBXFrameworksBuildPhase section */
		76C00CD91FC45606008119B2 /* Frameworks */ = {
			isa = PBXFrameworksBuildPhase;
			buildActionMask = 2147483647;
			files = (
			);
			runOnlyForDeploymentPostprocessing = 0;
		};
/* End PBXFrameworksBuildPhase section */

/* Begin PBXGroup section */
		76C00CD31FC45606008119B2 = {
			isa = PBXGroup;
			children = (
				76C00CDE1FC45606008119B2 /* PineApple */,
				76C00CDD1FC45606008119B2 /* Products */,
			);
			sourceTree = "<group>";
		};
		76C00CDD1FC45606008119B2 /* Products */ = {
			isa = PBXGroup;
			children = (
				76C00CDC1FC45606008119B2 /* PineApple.app */,
			);
			name = Products;
			sourceTree = "<group>";
		};
		76C00CDE1FC45606008119B2 /* PineApple */ = {
			isa = PBXGroup;
			children = (
				76C00CDF1FC45606008119B2 /* AppDelegate.swift */,
				76C00CE11FC45606008119B2 /* ViewController.swift */,
				76C00CE31FC45606008119B2 /* Main.storyboard */,
				76C00CE91FC45606008119B2 /* Assets.xcassets */,
				76C00CEB1FC45606008119B2 /* LaunchScreen.storyboard */,
				76C00CEE1FC45606008119B2 /* Info.plist */,
				76C00CE61FC45606008119B2 /* PineApple.xcdatamodeld */,
				7685A1C31FC926D600B2AB77 /* CameraViewController.swift */,
			);
			path = PineApple;
			sourceTree = "<group>";
		};
/* End PBXGroup section */

/* Begin PBXNativeTarget section */
		76C00CDB1FC45606008119B2 /* PineApple */ = {
			isa = PBXNativeTarget;
			buildConfigurationList = 76C00CF11FC45606008119B2 /* Build configuration list for PBXNativeTarget "PineApple" */;
			buildPhases = (
				76C00CD81FC45606008119B2 /* Sources */,
				76C00CD91FC45606008119B2 /* Frameworks */,
				76C00CDA1FC45606008119B2 /* Resources */,
			);
			buildRules = (
			);
			dependencies = (
			);
			name = PineApple;
			productName = PineApple;
			productReference = 76C00CDC1FC45606008119B2 /* PineApple.app */;
			productType = "com.apple.product-type.application";
		};
/* End PBXNativeTarget section */

/* Begin PBXProject section */
		76C00CD41FC45606008119B2 /* Project object */ = {
			isa = PBXProject;
			attributes = {
				LastSwiftUpdateCheck = 0910;
				LastUpgradeCheck = 0910;
				ORGANIZATIONNAME = PineApple;
				TargetAttributes = {
					76C00CDB1FC45606008119B2 = {
						CreatedOnToolsVersion = 9.1;
						ProvisioningStyle = Automatic;
					};
				};
			};
			buildConfigurationList = 76C00CD71FC45606008119B2 /* Build configuration list for PBXProject "PineApple" */;
			compatibilityVersion = "Xcode 8.0";
			developmentRegion = en;
			hasScannedForEncodings = 0;
			knownRegions = (
				en,
				Base,
			);
			mainGroup = 76C00CD31FC45606008119B2;
			productRefGroup = 76C00CDD1FC45606008119B2 /* Products */;
			projectDirPath = "";
			projectRoot = "";
			targets = (
				76C00CDB1FC45606008119B2 /* PineApple */,
			);
		};
/* End PBXProject section */

/* Begin PBXResourcesBuildPhase section */
		76C00CDA1FC45606008119B2 /* Resources */ = {
			isa = PBXResourcesBuildPhase;
			buildActionMask = 2147483647;
			files = (
				76C00CED1FC45606008119B2 /* LaunchScreen.storyboard in Resources */,
				76C00CEA1FC45606008119B2 /* Assets.xcassets in Resources */,
				76C00CE51FC45606008119B2 /* Main.storyboard in Resources */,
			);
			runOnlyForDeploymentPostprocessing = 0;
		};
/* End PBXResourcesBuildPhase section */

/* Begin PBXSourcesBuildPhase section */
		76C00CD81FC45606008119B2 /* Sources */ = {
			isa = PBXSourcesBuildPhase;
			buildActionMask = 2147483647;
			files = (
				76C00CE81FC45606008119B2 /* PineApple.xcdatamodeld in Sources */,
				7685A1C41FC926D600B2AB77 /* CameraViewController.swift in Sources */,
				76C00CE21FC45606008119B2 /* ViewController.swift in Sources */,
				76C00CE01FC45606008119B2 /* AppDelegate.swift in Sources */,
			);
			runOnlyForDeploymentPostprocessing = 0;
		};
/* End PBXSourcesBuildPhase section */

/* Begin PBXVariantGroup section */
		76C00CE31FC45606008119B2 /* Main.storyboard */ = {
			isa = PBXVariantGroup;
			children = (
				76C00CE41FC45606008119B2 /* Base */,
			);
			name = Main.storyboard;
			sourceTree = "<group>";
		};
		76C00CEB1FC45606008119B2 /* LaunchScreen.storyboard */ = {
			isa = PBXVariantGroup;
			children = (
				76C00CEC1FC45606008119B2 /* Base */,
			);
			name = LaunchScreen.storyboard;
			sourceTree = "<group>";
		};
/* End PBXVariantGroup section */

/* Begin XCBuildConfiguration section */
		76C00CEF1FC45606008119B2 /* Debug */ = {
			isa = XCBuildConfiguration;
			buildSettings = {
				ALWAYS_SEARCH_USER_PATHS = NO;
				CLANG_ANALYZER_NONNULL = YES;
				CLANG_ANALYZER_NUMBER_OBJECT_CONVERSION = YES_AGGRESSIVE;
				CLANG_CXX_LANGUAGE_STANDARD = "gnu++14";
				CLANG_CXX_LIBRARY = "libc++";
				CLANG_ENABLE_MODULES = YES;
				CLANG_ENABLE_OBJC_ARC = YES;
				CLANG_WARN_BLOCK_CAPTURE_AUTORELEASING = YES;
				CLANG_WARN_BOOL_CONVERSION = YES;
				CLANG_WARN_COMMA = YES;
				CLANG_WARN_CONSTANT_CONVERSION = YES;
				CLANG_WARN_DIRECT_OBJC_ISA_USAGE = YES_ERROR;
				CLANG_WARN_DOCUMENTATION_COMMENTS = YES;
				CLANG_WARN_EMPTY_BODY = YES;
				CLANG_WARN_ENUM_CONVERSION = YES;
				CLANG_WARN_INFINITE_RECURSION = YES;
				CLANG_WARN_INT_CONVERSION = YES;
				CLANG_WARN_NON_LITERAL_NULL_CONVERSION = YES;
				CLANG_WARN_OBJC_LITERAL_CONVERSION = YES;
				CLANG_WARN_OBJC_ROOT_CLASS = YES_ERROR;
				CLANG_WARN_RANGE_LOOP_ANALYSIS = YES;
				CLANG_WARN_STRICT_PROTOTYPES = YES;
				CLANG_WARN_SUSPICIOUS_MOVE = YES;
				CLANG_WARN_UNGUARDED_AVAILABILITY = YES_AGGRESSIVE;
				CLANG_WARN_UNREACHABLE_CODE = YES;
				CLANG_WARN__DUPLICATE_METHOD_MATCH = YES;
				CODE_SIGN_IDENTITY = "iPhone Developer";
				COPY_PHASE_STRIP = NO;
				DEBUG_INFORMATION_FORMAT = dwarf;
				ENABLE_STRICT_OBJC_MSGSEND = YES;
				ENABLE_TESTABILITY = YES;
				GCC_C_LANGUAGE_STANDARD = gnu11;
				GCC_DYNAMIC_NO_PIC = NO;
				GCC_NO_COMMON_BLOCKS = YES;
				GCC_OPTIMIZATION_LEVEL = 0;
				GCC_PREPROCESSOR_DEFINITIONS = (
					"DEBUG=1",
					"$(inherited)",
				);
				GCC_WARN_64_TO_32_BIT_CONVERSION = YES;
				GCC_WARN_ABOUT_RETURN_TYPE = YES_ERROR;
				GCC_WARN_UNDECLARED_SELECTOR = YES;
				GCC_WARN_UNINITIALIZED_AUTOS = YES_AGGRESSIVE;
				GCC_WARN_UNUSED_FUNCTION = YES;
				GCC_WARN_UNUSED_VARIABLE = YES;
				IPHONEOS_DEPLOYMENT_TARGET = 11.1;
				MTL_ENABLE_DEBUG_INFO = YES;
				ONLY_ACTIVE_ARCH = YES;
				SDKROOT = iphoneos;
				SWIFT_ACTIVE_COMPILATION_CONDITIONS = DEBUG;
				SWIFT_OPTIMIZATION_LEVEL = "-Onone";
			};
			name = Debug;
		};
		76C00CF01FC45606008119B2 /* Release */ = {
			isa = XCBuildConfiguration;
			buildSettings = {
				ALWAYS_SEARCH_USER_PATHS = NO;
				CLANG_ANALYZER_NONNULL = YES;
				CLANG_ANALYZER_NUMBER_OBJECT_CONVERSION = YES_AGGRESSIVE;
				CLANG_CXX_LANGUAGE_STANDARD = "gnu++14";
				CLANG_CXX_LIBRARY = "libc++";
				CLANG_ENABLE_MODULES = YES;
				CLANG_ENABLE_OBJC_ARC = YES;
				CLANG_WARN_BLOCK_CAPTURE_AUTORELEASING = YES;
				CLANG_WARN_BOOL_CONVERSION = YES;
				CLANG_WARN_COMMA = YES;
				CLANG_WARN_CONSTANT_CONVERSION = YES;
				CLANG_WARN_DIRECT_OBJC_ISA_USAGE = YES_ERROR;
				CLANG_WARN_DOCUMENTATION_COMMENTS = YES;
				CLANG_WARN_EMPTY_BODY = YES;
				CLANG_WARN_ENUM_CONVERSION = YES;
				CLANG_WARN_INFINITE_RECURSION = YES;
				CLANG_WARN_INT_CONVERSION = YES;
				CLANG_WARN_NON_LITERAL_NULL_CONVERSION = YES;
				CLANG_WARN_OBJC_LITERAL_CONVERSION = YES;
				CLANG_WARN_OBJC_ROOT_CLASS = YES_ERROR;
				CLANG_WARN_RANGE_LOOP_ANALYSIS = YES;
				CLANG_WARN_STRICT_PROTOTYPES = YES;
				CLANG_WARN_SUSPICIOUS_MOVE = YES;
				CLANG_WARN_UNGUARDED_AVAILABILITY = YES_AGGRESSIVE;
				CLANG_WARN_UNREACHABLE_CODE = YES;
				CLANG_WARN__DUPLICATE_METHOD_MATCH = YES;
				CODE_SIGN_IDENTITY = "iPhone Developer";
				COPY_PHASE_STRIP = NO;
				DEBUG_INFORMATION_FORMAT = "dwarf-with-dsym";
				ENABLE_NS_ASSERTIONS = NO;
				ENABLE_STRICT_OBJC_MSGSEND = YES;
				GCC_C_LANGUAGE_STANDARD = gnu11;
				GCC_NO_COMMON_BLOCKS = YES;
				GCC_WARN_64_TO_32_BIT_CONVERSION = YES;
				GCC_WARN_ABOUT_RETURN_TYPE = YES_ERROR;
				GCC_WARN_UNDECLARED_SELECTOR = YES;
				GCC_WARN_UNINITIALIZED_AUTOS = YES_AGGRESSIVE;
				GCC_WARN_UNUSED_FUNCTION = YES;
				GCC_WARN_UNUSED_VARIABLE = YES;
				IPHONEOS_DEPLOYMENT_TARGET = 11.1;
				MTL_ENABLE_DEBUG_INFO = NO;
				SDKROOT = iphoneos;
				SWIFT_OPTIMIZATION_LEVEL = "-Owholemodule";
				VALIDATE_PRODUCT = YES;
			};
			name = Release;
		};
		76C00CF21FC45606008119B2 /* Debug */ = {
			isa = XCBuildConfiguration;
			buildSettings = {
				ASSETCATALOG_COMPILER_APPICON_NAME = AppIcon;
				CODE_SIGN_STYLE = Automatic;
				DEVELOPMENT_TEAM = 22SR836P46;
				INFOPLIST_FILE = PineApple/Info.plist;
				LD_RUNPATH_SEARCH_PATHS = "$(inherited) @executable_path/Frameworks";
				PRODUCT_BUNDLE_IDENTIFIER = com.pineapple.www.PineApple;
				PRODUCT_NAME = "$(TARGET_NAME)";
				SWIFT_VERSION = 4.0;
				TARGETED_DEVICE_FAMILY = "1,2";
			};
			name = Debug;
		};
		76C00CF31FC45606008119B2 /* Release */ = {
			isa = XCBuildConfiguration;
			buildSettings = {
				ASSETCATALOG_COMPILER_APPICON_NAME = AppIcon;
				CODE_SIGN_STYLE = Automatic;
				DEVELOPMENT_TEAM = 22SR836P46;
				INFOPLIST_FILE = PineApple/Info.plist;
				LD_RUNPATH_SEARCH_PATHS = "$(inherited) @executable_path/Frameworks";
				PRODUCT_BUNDLE_IDENTIFIER = com.pineapple.www.PineApple;
				PRODUCT_NAME = "$(TARGET_NAME)";
				SWIFT_VERSION = 4.0;
				TARGETED_DEVICE_FAMILY = "1,2";
			};
			name = Release;
		};
/* End XCBuildConfiguration section */

/* Begin XCConfigurationList section */
		76C00CD71FC45606008119B2 /* Build configuration list for PBXProject "PineApple" */ = {
			isa = XCConfigurationList;
			buildConfigurations = (
				76C00CEF1FC45606008119B2 /* Debug */,
				76C00CF01FC45606008119B2 /* Release */,
			);
			defaultConfigurationIsVisible = 0;
			defaultConfigurationName = Release;
		};
		76C00CF11FC45606008119B2 /* Build configuration list for PBXNativeTarget "PineApple" */ = {
			isa = XCConfigurationList;
			buildConfigurations = (
				76C00CF21FC45606008119B2 /* Debug */,
				76C00CF31FC45606008119B2 /* Release */,
			);
			defaultConfigurationIsVisible = 0;
			defaultConfigurationName = Release;
		};
/* End XCConfigurationList section */

/* Begin XCVersionGroup section */
		76C00CE61FC45606008119B2 /* PineApple.xcdatamodeld */ = {
			isa = XCVersionGroup;
			children = (
				76C00CE71FC45606008119B2 /* PineApple.xcdatamodel */,
			);
			currentVersion = 76C00CE71FC45606008119B2 /* PineApple.xcdatamodel */;
			path = PineApple.xcdatamodeld;
			sourceTree = "<group>";
			versionGroupType = wrapper.xcdatamodel;
		};
/* End XCVersionGroup section */
	};
	rootObject = 76C00CD41FC45606008119B2 /* Project object */;
}
